// !$*UTF8*$!
{
	archiveVersion = 1;
	classes = {
	};
	objectVersion = 46;
	objects = {

/* Begin PBXBuildFile section */
		A02697221D1E5005002D30AB /* AppDelegate.swift in Sources */ = {isa = PBXBuildFile; fileRef = A02697211D1E5005002D30AB /* AppDelegate.swift */; };
		A02697241D1E5005002D30AB /* ViewController.swift in Sources */ = {isa = PBXBuildFile; fileRef = A02697231D1E5005002D30AB /* ViewController.swift */; };
		A02697271D1E5005002D30AB /* Main.storyboard in Resources */ = {isa = PBXBuildFile; fileRef = A02697251D1E5005002D30AB /* Main.storyboard */; };
		A02697291D1E5005002D30AB /* Assets.xcassets in Resources */ = {isa = PBXBuildFile; fileRef = A02697281D1E5005002D30AB /* Assets.xcassets */; };
		A026972C1D1E5005002D30AB /* LaunchScreen.storyboard in Resources */ = {isa = PBXBuildFile; fileRef = A026972A1D1E5005002D30AB /* LaunchScreen.storyboard */; };
/* End PBXBuildFile section */

/* Begin PBXFileReference section */
		A026971E1D1E5005002D30AB /* Practice_swift.app */ = {isa = PBXFileReference; explicitFileType = wrapper.application; includeInIndex = 0; path = Practice_swift.app; sourceTree = BUILT_PRODUCTS_DIR; };
		A02697211D1E5005002D30AB /* AppDelegate.swift */ = {isa = PBXFileReference; lastKnownFileType = sourcecode.swift; path = AppDelegate.swift; sourceTree = "<group>"; };
		A02697231D1E5005002D30AB /* ViewController.swift */ = {isa = PBXFileReference; lastKnownFileType = sourcecode.swift; path = ViewController.swift; sourceTree = "<group>"; };
		A02697261D1E5005002D30AB /* Base */ = {isa = PBXFileReference; lastKnownFileType = file.storyboard; name = Base; path = Base.lproj/Main.storyboard; sourceTree = "<group>"; };
		A02697281D1E5005002D30AB /* Assets.xcassets */ = {isa = PBXFileReference; lastKnownFileType = folder.assetcatalog; path = Assets.xcassets; sourceTree = "<group>"; };
		A026972B1D1E5005002D30AB /* Base */ = {isa = PBXFileReference; lastKnownFileType = file.storyboard; name = Base; path = Base.lproj/LaunchScreen.storyboard; sourceTree = "<group>"; };
		A026972D1D1E5005002D30AB /* Info.plist */ = {isa = PBXFileReference; lastKnownFileType = text.plist.xml; path = Info.plist; sourceTree = "<group>"; };
/* End PBXFileReference section */

/* Begin PBXFrameworksBuildPhase section */
		A026971B1D1E5005002D30AB /* Frameworks */ = {
			isa = PBXFrameworksBuildPhase;
			buildActionMask = 2147483647;
			files = (
			);
			runOnlyForDeploymentPostprocessing = 0;
		};
/* End PBXFrameworksBuildPhase section */

/* Begin PBXGroup section */
		A02697151D1E5005002D30AB = {
			isa = PBXGroup;
			children = (
				A02697201D1E5005002D30AB /* Practice_swift */,
				A026971F1D1E5005002D30AB /* Products */,
			);
			sourceTree = "<group>";
		};
		A026971F1D1E5005002D30AB /* Products */ = {
			isa = PBXGroup;
			children = (
				A026971E1D1E5005002D30AB /* Practice_swift.app */,
			);
			name = Products;
			sourceTree = "<group>";
		};
		A02697201D1E5005002D30AB /* Practice_swift */ = {
			isa = PBXGroup;
			children = (
				A02697211D1E5005002D30AB /* AppDelegate.swift */,
				A02697231D1E5005002D30AB /* ViewController.swift */,
				A02697251D1E5005002D30AB /* Main.storyboard */,
				A02697281D1E5005002D30AB /* Assets.xcassets */,
				A026972A1D1E5005002D30AB /* LaunchScreen.storyboard */,
				A026972D1D1E5005002D30AB /* Info.plist */,
			);
			path = Practice_swift;
			sourceTree = "<group>";
		};
/* End PBXGroup section */

/* Begin PBXNativeTarget section */
		A026971D1D1E5005002D30AB /* Practice_swift */ = {
			isa = PBXNativeTarget;
			buildConfigurationList = A02697301D1E5005002D30AB /* Build configuration list for PBXNativeTarget "Practice_swift" */;
			buildPhases = (
				A026971A1D1E5005002D30AB /* Sources */,
				A026971B1D1E5005002D30AB /* Frameworks */,
				A026971C1D1E5005002D30AB /* Resources */,
			);
			buildRules = (
			);
			dependencies = (
			);
			name = Practice_swift;
			productName = Practice_swift;
			productReference = A026971E1D1E5005002D30AB /* Practice_swift.app */;
			productType = "com.apple.product-type.application";
		};
/* End PBXNativeTarget section */

/* Begin PBXProject section */
		A02697161D1E5005002D30AB /* Project object */ = {
			isa = PBXProject;
			attributes = {
				LastSwiftUpdateCheck = 0730;
				LastUpgradeCheck = 0730;
				ORGANIZATIONNAME = "上海优蜜科技有限公司";
				TargetAttributes = {
					A026971D1D1E5005002D30AB = {
						CreatedOnToolsVersion = 7.3;
					};
				};
			};
			buildConfigurationList = A02697191D1E5005002D30AB /* Build configuration list for PBXProject "Practice_swift" */;
			compatibilityVersion = "Xcode 3.2";
			developmentRegion = English;
			hasScannedForEncodings = 0;
			knownRegions = (
				en,
				Base,
			);
			mainGroup = A02697151D1E5005002D30AB;
			productRefGroup = A026971F1D1E5005002D30AB /* Products */;
			projectDirPath = "";
			projectRoot = "";
			targets = (
				A026971D1D1E5005002D30AB /* Practice_swift */,
			);
		};
/* End PBXProject section */

/* Begin PBXResourcesBuildPhase section */
		A026971C1D1E5005002D30AB /* Resources */ = {
			isa = PBXResourcesBuildPhase;
			buildActionMask = 2147483647;
			files = (
				A026972C1D1E5005002D30AB /* LaunchScreen.storyboard in Resources */,
				A02697291D1E5005002D30AB /* Assets.xcassets in Resources */,
				A02697271D1E5005002D30AB /* Main.storyboard in Resources */,
			);
			runOnlyForDeploymentPostprocessing = 0;
		};
/* End PBXResourcesBuildPhase section */

/* Begin PBXSourcesBuildPhase section */
		A026971A1D1E5005002D30AB /* Sources */ = {
			isa = PBXSourcesBuildPhase;
			buildActionMask = 2147483647;
			files = (
				A02697241D1E5005002D30AB /* ViewController.swift in Sources */,
				A02697221D1E5005002D30AB /* AppDelegate.swift in Sources */,
			);
			runOnlyForDeploymentPostprocessing = 0;
		};
/* End PBXSourcesBuildPhase section */

/* Begin PBXVariantGroup section */
		A02697251D1E5005002D30AB /* Main.storyboard */ = {
			isa = PBXVariantGroup;
			children = (
				A02697261D1E5005002D30AB /* Base */,
			);
			name = Main.storyboard;
			sourceTree = "<group>";
		};
		A026972A1D1E5005002D30AB /* LaunchScreen.storyboard */ = {
			isa = PBXVariantGroup;
			children = (
				A026972B1D1E5005002D30AB /* Base */,
			);
			name = LaunchScreen.storyboard;
			sourceTree = "<group>";
		};
/* End PBXVariantGroup section */

/* Begin XCBuildConfiguration section */
		A026972E1D1E5005002D30AB /* Debug */ = {
			isa = XCBuildConfiguration;
			buildSettings = {
				ALWAYS_SEARCH_USER_PATHS = NO;
				CLANG_ANALYZER_NONNULL = YES;
				CLANG_CXX_LANGUAGE_STANDARD = "gnu++0x";
				CLANG_CXX_LIBRARY = "libc++";
				CLANG_ENABLE_MODULES = YES;
				CLANG_ENABLE_OBJC_ARC = YES;
				CLANG_WARN_BOOL_CONVERSION = YES;
				CLANG_WARN_CONSTANT_CONVERSION = YES;
				CLANG_WARN_DIRECT_OBJC_ISA_USAGE = YES_ERROR;
				CLANG_WARN_EMPTY_BODY = YES;
				CLANG_WARN_ENUM_CONVERSION = YES;
				CLANG_WARN_INT_CONVERSION = YES;
				CLANG_WARN_OBJC_ROOT_CLASS = YES_ERROR;
				CLANG_WARN_UNREACHABLE_CODE = YES;
				CLANG_WARN__DUPLICATE_METHOD_MATCH = YES;
				"CODE_SIGN_IDENTITY[sdk=iphoneos*]" = "iPhone Developer";
				COPY_PHASE_STRIP = NO;
				DEBUG_INFORMATION_FORMAT = dwarf;
				ENABLE_STRICT_OBJC_MSGSEND = YES;
				ENABLE_TESTABILITY = YES;
				GCC_C_LANGUAGE_STANDARD = gnu99;
				GCC_DYNAMIC_NO_PIC = NO;
				GCC_NO_COMMON_BLOCKS = YES;
				GCC_OPTIMIZATION_LEVEL = 0;
				GCC_PREPROCESSOR_DEFINITIONS = (
					"DEBUG=1",
					"$(inherited)",
				);
				GCC_WARN_64_TO_32_BIT_CONVERSION = YES;
				GCC_WARN_ABOUT_RETURN_TYPE = YES_ERROR;
				GCC_WARN_UNDECLARED_SELECTOR = YES;
				GCC_WARN_UNINITIALIZED_AUTOS = YES_AGGRESSIVE;
				GCC_WARN_UNUSED_FUNCTION = YES;
				GCC_WARN_UNUSED_VARIABLE = YES;
				IPHONEOS_DEPLOYMENT_TARGET = 9.3;
				MTL_ENABLE_DEBUG_INFO = YES;
				ONLY_ACTIVE_ARCH = YES;
				SDKROOT = iphoneos;
				SWIFT_OPTIMIZATION_LEVEL = "-Onone";
				TARGETED_DEVICE_FAMILY = "1,2";
			};
			name = Debug;
		};
		A026972F1D1E5005002D30AB /* Release */ = {
			isa = XCBuildConfiguration;
			buildSettings = {
				ALWAYS_SEARCH_USER_PATHS = NO;
				CLANG_ANALYZER_NONNULL = YES;
				CLANG_CXX_LANGUAGE_STANDARD = "gnu++0x";
				CLANG_CXX_LIBRARY = "libc++";
				CLANG_ENABLE_MODULES = YES;
				CLANG_ENABLE_OBJC_ARC = YES;
				CLANG_WARN_BOOL_CONVERSION = YES;
				CLANG_WARN_CONSTANT_CONVERSION = YES;
				CLANG_WARN_DIRECT_OBJC_ISA_USAGE = YES_ERROR;
				CLANG_WARN_EMPTY_BODY = YES;
				CLANG_WARN_ENUM_CONVERSION = YES;
				CLANG_WARN_INT_CONVERSION = YES;
				CLANG_WARN_OBJC_ROOT_CLASS = YES_ERROR;
				CLANG_WARN_UNREACHABLE_CODE = YES;
				CLANG_WARN__DUPLICATE_METHOD_MATCH = YES;
				"CODE_SIGN_IDENTITY[sdk=iphoneos*]" = "iPhone Developer";
				COPY_PHASE_STRIP = NO;
				DEBUG_INFORMATION_FORMAT = "dwarf-with-dsym";
				ENABLE_NS_ASSERTIONS = NO;
				ENABLE_STRICT_OBJC_MSGSEND = YES;
				GCC_C_LANGUAGE_STANDARD = gnu99;
				GCC_NO_COMMON_BLOCKS = YES;
				GCC_WARN_64_TO_32_BIT_CONVERSION = YES;
				GCC_WARN_ABOUT_RETURN_TYPE = YES_ERROR;
				GCC_WARN_UNDECLARED_SELECTOR = YES;
				GCC_WARN_UNINITIALIZED_AUTOS = YES_AGGRESSIVE;
				GCC_WARN_UNUSED_FUNCTION = YES;
				GCC_WARN_UNUSED_VARIABLE = YES;
				IPHONEOS_DEPLOYMENT_TARGET = 9.3;
				MTL_ENABLE_DEBUG_INFO = NO;
				SDKROOT = iphoneos;
				TARGETED_DEVICE_FAMILY = "1,2";
				VALIDATE_PRODUCT = YES;
			};
			name = Release;
		};
		A02697311D1E5005002D30AB /* Debug */ = {
			isa = XCBuildConfiguration;
			buildSettings = {
				ASSETCATALOG_COMPILER_APPICON_NAME = AppIcon;
				INFOPLIST_FILE = Practice_swift/Info.plist;
				LD_RUNPATH_SEARCH_PATHS = "$(inherited) @executable_path/Frameworks";
				PRODUCT_BUNDLE_IDENTIFIER = "com.you.Practice-swift";
				PRODUCT_NAME = "$(TARGET_NAME)";
			};
			name = Debug;
		};
		A02697321D1E5005002D30AB /* Release */ = {
			isa = XCBuildConfiguration;
			buildSettings = {
				ASSETCATALOG_COMPILER_APPICON_NAME = AppIcon;
				INFOPLIST_FILE = Practice_swift/Info.plist;
				LD_RUNPATH_SEARCH_PATHS = "$(inherited) @executable_path/Frameworks";
				PRODUCT_BUNDLE_IDENTIFIER = "com.you.Practice-swift";
				PRODUCT_NAME = "$(TARGET_NAME)";
			};
			name = Release;
		};
/* End XCBuildConfiguration section */

/* Begin XCConfigurationList section */
		A02697191D1E5005002D30AB /* Build configuration list for PBXProject "Practice_swift" */ = {
			isa = XCConfigurationList;
			buildConfigurations = (
				A026972E1D1E5005002D30AB /* Debug */,
				A026972F1D1E5005002D30AB /* Release */,
			);
			defaultConfigurationIsVisible = 0;
			defaultConfigurationName = Release;
		};
		A02697301D1E5005002D30AB /* Build configuration list for PBXNativeTarget "Practice_swift" */ = {
			isa = XCConfigurationList;
			buildConfigurations = (
				A02697311D1E5005002D30AB /* Debug */,
				A02697321D1E5005002D30AB /* Release */,
			);
			defaultConfigurationIsVisible = 0;
		};
/* End XCConfigurationList section */
	};
	rootObject = A02697161D1E5005002D30AB /* Project object */;
}
