// !$*UTF8*$!
{
	archiveVersion = 1;
	classes = {
	};
	objectVersion = 46;
	objects = {

/* Begin PBXBuildFile section */
		09126C731D227968001D32A0 /* SSKeychain.m in Sources */ = {isa = PBXBuildFile; fileRef = 09126C721D227968001D32A0 /* SSKeychain.m */; };
		0977B4291D2A3B19008C5F2D /* XDSAPITestViewController.swift in Sources */ = {isa = PBXBuildFile; fileRef = 0977B4281D2A3B19008C5F2D /* XDSAPITestViewController.swift */; };
		09A2F4D41D2270E100478FBD /* AppDelegate.swift in Sources */ = {isa = PBXBuildFile; fileRef = 09A2F4D31D2270E100478FBD /* AppDelegate.swift */; };
		09A2F4D71D22713500478FBD /* XDSTracker.swift in Sources */ = {isa = PBXBuildFile; fileRef = 09A2F4D61D22713500478FBD /* XDSTracker.swift */; };
		09A2F4DD1D22719300478FBD /* XDSThirdPartyService.swift in Sources */ = {isa = PBXBuildFile; fileRef = 09A2F4DC1D22719300478FBD /* XDSThirdPartyService.swift */; };
		09A2F5241D2271F400478FBD /* About.txt in Resources */ = {isa = PBXBuildFile; fileRef = 09A2F4E21D2271F400478FBD /* About.txt */; };
		09A2F5251D2271F400478FBD /* GCDAsyncSocket.m in Sources */ = {isa = PBXBuildFile; fileRef = 09A2F4E41D2271F400478FBD /* GCDAsyncSocket.m */; };
		09A2F5261D2271F400478FBD /* About.txt in Resources */ = {isa = PBXBuildFile; fileRef = 09A2F4E61D2271F400478FBD /* About.txt */; };
		09A2F5271D2271F400478FBD /* DDAbstractDatabaseLogger.m in Sources */ = {isa = PBXBuildFile; fileRef = 09A2F4E81D2271F400478FBD /* DDAbstractDatabaseLogger.m */; };
		09A2F5281D2271F400478FBD /* DDASLLogger.m in Sources */ = {isa = PBXBuildFile; fileRef = 09A2F4EA1D2271F400478FBD /* DDASLLogger.m */; };
		09A2F5291D2271F400478FBD /* DDFileLogger.m in Sources */ = {isa = PBXBuildFile; fileRef = 09A2F4EC1D2271F400478FBD /* DDFileLogger.m */; };
		09A2F52A1D2271F400478FBD /* DDLog.m in Sources */ = {isa = PBXBuildFile; fileRef = 09A2F4EE1D2271F400478FBD /* DDLog.m */; };
		09A2F52B1D2271F400478FBD /* DDTTYLogger.m in Sources */ = {isa = PBXBuildFile; fileRef = 09A2F4F01D2271F400478FBD /* DDTTYLogger.m */; };
		09A2F52C1D2271F400478FBD /* ContextFilterLogFormatter.m in Sources */ = {isa = PBXBuildFile; fileRef = 09A2F4F31D2271F400478FBD /* ContextFilterLogFormatter.m */; };
		09A2F52D1D2271F400478FBD /* DispatchQueueLogFormatter.m in Sources */ = {isa = PBXBuildFile; fileRef = 09A2F4F51D2271F400478FBD /* DispatchQueueLogFormatter.m */; };
		09A2F52E1D2271F400478FBD /* README.txt in Resources */ = {isa = PBXBuildFile; fileRef = 09A2F4F61D2271F400478FBD /* README.txt */; };
		09A2F52F1D2271F400478FBD /* DDData.m in Sources */ = {isa = PBXBuildFile; fileRef = 09A2F4FA1D2271F400478FBD /* DDData.m */; };
		09A2F5301D2271F400478FBD /* DDNumber.m in Sources */ = {isa = PBXBuildFile; fileRef = 09A2F4FC1D2271F400478FBD /* DDNumber.m */; };
		09A2F5311D2271F400478FBD /* DDRange.m in Sources */ = {isa = PBXBuildFile; fileRef = 09A2F4FE1D2271F400478FBD /* DDRange.m */; };
		09A2F5321D2271F400478FBD /* HTTPAuthenticationRequest.m in Sources */ = {isa = PBXBuildFile; fileRef = 09A2F5001D2271F400478FBD /* HTTPAuthenticationRequest.m */; };
		09A2F5331D2271F400478FBD /* HTTPConnection.m in Sources */ = {isa = PBXBuildFile; fileRef = 09A2F5021D2271F400478FBD /* HTTPConnection.m */; };
		09A2F5341D2271F400478FBD /* HTTPMessage.m in Sources */ = {isa = PBXBuildFile; fileRef = 09A2F5051D2271F400478FBD /* HTTPMessage.m */; };
		09A2F5351D2271F400478FBD /* HTTPServer.m in Sources */ = {isa = PBXBuildFile; fileRef = 09A2F5081D2271F400478FBD /* HTTPServer.m */; };
		09A2F5361D2271F400478FBD /* MultipartFormDataParser.m in Sources */ = {isa = PBXBuildFile; fileRef = 09A2F50B1D2271F400478FBD /* MultipartFormDataParser.m */; };
		09A2F5371D2271F400478FBD /* MultipartMessageHeader.m in Sources */ = {isa = PBXBuildFile; fileRef = 09A2F50D1D2271F400478FBD /* MultipartMessageHeader.m */; };
		09A2F5381D2271F400478FBD /* MultipartMessageHeaderField.m in Sources */ = {isa = PBXBuildFile; fileRef = 09A2F50F1D2271F400478FBD /* MultipartMessageHeaderField.m */; };
		09A2F5391D2271F400478FBD /* HTTPAsyncFileResponse.m in Sources */ = {isa = PBXBuildFile; fileRef = 09A2F5121D2271F400478FBD /* HTTPAsyncFileResponse.m */; };
		09A2F53A1D2271F400478FBD /* HTTPDataResponse.m in Sources */ = {isa = PBXBuildFile; fileRef = 09A2F5141D2271F400478FBD /* HTTPDataResponse.m */; };
		09A2F53B1D2271F400478FBD /* HTTPDynamicFileResponse.m in Sources */ = {isa = PBXBuildFile; fileRef = 09A2F5161D2271F400478FBD /* HTTPDynamicFileResponse.m */; };
		09A2F53C1D2271F400478FBD /* HTTPErrorResponse.m in Sources */ = {isa = PBXBuildFile; fileRef = 09A2F5181D2271F400478FBD /* HTTPErrorResponse.m */; };
		09A2F53D1D2271F400478FBD /* HTTPFileResponse.m in Sources */ = {isa = PBXBuildFile; fileRef = 09A2F51A1D2271F400478FBD /* HTTPFileResponse.m */; };
		09A2F53E1D2271F400478FBD /* HTTPRedirectResponse.m in Sources */ = {isa = PBXBuildFile; fileRef = 09A2F51C1D2271F400478FBD /* HTTPRedirectResponse.m */; };
		09A2F53F1D2271F400478FBD /* WebSocket.m in Sources */ = {isa = PBXBuildFile; fileRef = 09A2F51E1D2271F400478FBD /* WebSocket.m */; };
		09A2F5401D2271F400478FBD /* MyHTTPConnection.m in Sources */ = {isa = PBXBuildFile; fileRef = 09A2F5201D2271F400478FBD /* MyHTTPConnection.m */; };
		09A2F5411D2271F400478FBD /* index.html in Resources */ = {isa = PBXBuildFile; fileRef = 09A2F5221D2271F400478FBD /* index.html */; };
		09A2F5421D2271F400478FBD /* upload.html in Resources */ = {isa = PBXBuildFile; fileRef = 09A2F5231D2271F400478FBD /* upload.html */; };
		09A2F5461D22722400478FBD /* XDSIPHelper.m in Sources */ = {isa = PBXBuildFile; fileRef = 09A2F5451D22722400478FBD /* XDSIPHelper.m */; };
		09A2F5491D22723C00478FBD /* XDSWIFIFileTransferViewController.swift in Sources */ = {isa = PBXBuildFile; fileRef = 09A2F5481D22723C00478FBD /* XDSWIFIFileTransferViewController.swift */; };
		09B4A6BA1D3CD93A0019FD04 /* 30岁前建人脉 30岁后赚大钱-龙柒 in Resources */ = {isa = PBXBuildFile; fileRef = 09B4A6B01D3CD93A0019FD04 /* 30岁前建人脉 30岁后赚大钱-龙柒 */; };
		09B4A6BB1D3CD93A0019FD04 /* 创新的赢利模式-纪永英 in Resources */ = {isa = PBXBuildFile; fileRef = 09B4A6B11D3CD93A0019FD04 /* 创新的赢利模式-纪永英 */; };
		09B4A6BC1D3CD93A0019FD04 /* 创业时，我们在知乎聊什么?-知乎 in Resources */ = {isa = PBXBuildFile; fileRef = 09B4A6B21D3CD93A0019FD04 /* 创业时，我们在知乎聊什么?-知乎 */; };
		09B4A6BD1D3CD93A0019FD04 /* 互联网思维-钟殿舟 in Resources */ = {isa = PBXBuildFile; fileRef = 09B4A6B31D3CD93A0019FD04 /* 互联网思维-钟殿舟 */; };
		09B4A6BE1D3CD93A0019FD04 /* 货币的教训：汇率与货币系列评论-周其仁 in Resources */ = {isa = PBXBuildFile; fileRef = 09B4A6B41D3CD93A0019FD04 /* 货币的教训：汇率与货币系列评论-周其仁 */; };
		09B4A6BF1D3CD93A0019FD04 /* 快挖掘你的财商-任宪法 著 in Resources */ = {isa = PBXBuildFile; fileRef = 09B4A6B51D3CD93A0019FD04 /* 快挖掘你的财商-任宪法 著 */; };
		09B4A6C01D3CD93A0019FD04 /* 途客圈创业记：不疯魔，不成活-陈天 in Resources */ = {isa = PBXBuildFile; fileRef = 09B4A6B61D3CD93A0019FD04 /* 途客圈创业记：不疯魔，不成活-陈天 */; };
		09B4A6C11D3CD93A0019FD04 /* 一开口就能找对话题-刘成 in Resources */ = {isa = PBXBuildFile; fileRef = 09B4A6B71D3CD93A0019FD04 /* 一开口就能找对话题-刘成 */; };
		09B4A6C21D3CD93A0019FD04 /* 引爆社群：移动互联网时代的新4C法则-唐兴通 in Resources */ = {isa = PBXBuildFile; fileRef = 09B4A6B81D3CD93A0019FD04 /* 引爆社群：移动互联网时代的新4C法则-唐兴通 */; };
		09B4A6C31D3CD93A0019FD04 /* 长投专刊 精华版（一）穷爸爸，富爸爸-长投网 in Resources */ = {isa = PBXBuildFile; fileRef = 09B4A6B91D3CD93A0019FD04 /* 长投专刊 精华版（一）穷爸爸，富爸爸-长投网 */; };
		09C3A82E1D2A44E30038A7D4 /* XDSSwiftHeaders.swift in Sources */ = {isa = PBXBuildFile; fileRef = 09C3A82D1D2A44E30038A7D4 /* XDSSwiftHeaders.swift */; };
		A02697241D1E5005002D30AB /* ViewController.swift in Sources */ = {isa = PBXBuildFile; fileRef = A02697231D1E5005002D30AB /* ViewController.swift */; };
		A02697271D1E5005002D30AB /* Main.storyboard in Resources */ = {isa = PBXBuildFile; fileRef = A02697251D1E5005002D30AB /* Main.storyboard */; };
		A02697291D1E5005002D30AB /* Assets.xcassets in Resources */ = {isa = PBXBuildFile; fileRef = A02697281D1E5005002D30AB /* Assets.xcassets */; };
		A026972C1D1E5005002D30AB /* LaunchScreen.storyboard in Resources */ = {isa = PBXBuildFile; fileRef = A026972A1D1E5005002D30AB /* LaunchScreen.storyboard */; };
		A02995971D21665D0047C1DC /* wifi.png in Resources */ = {isa = PBXBuildFile; fileRef = A02995961D21665D0047C1DC /* wifi.png */; };
		CE6AD1EAB32309B6D5BCEB38 /* Pods.framework in Frameworks */ = {isa = PBXBuildFile; fileRef = 311045225B85B62F5BFE5CE9 /* Pods.framework */; };
/* End PBXBuildFile section */

/* Begin PBXCopyFilesBuildPhase section */
		A02D449E1D1FC9EE00DC0A2B /* Embed App Extensions */ = {
			isa = PBXCopyFilesBuildPhase;
			buildActionMask = 2147483647;
			dstPath = "";
			dstSubfolderSpec = 13;
			files = (
			);
			name = "Embed App Extensions";
			runOnlyForDeploymentPostprocessing = 0;
		};
/* End PBXCopyFilesBuildPhase section */

/* Begin PBXFileReference section */
		09126C711D227968001D32A0 /* SSKeychain.h */ = {isa = PBXFileReference; fileEncoding = 4; lastKnownFileType = sourcecode.c.h; path = SSKeychain.h; sourceTree = "<group>"; };
		09126C721D227968001D32A0 /* SSKeychain.m */ = {isa = PBXFileReference; fileEncoding = 4; lastKnownFileType = sourcecode.c.objc; path = SSKeychain.m; sourceTree = "<group>"; };
		0977B4281D2A3B19008C5F2D /* XDSAPITestViewController.swift */ = {isa = PBXFileReference; fileEncoding = 4; lastKnownFileType = sourcecode.swift; path = XDSAPITestViewController.swift; sourceTree = "<group>"; };
		09A2F4D31D2270E100478FBD /* AppDelegate.swift */ = {isa = PBXFileReference; fileEncoding = 4; lastKnownFileType = sourcecode.swift; path = AppDelegate.swift; sourceTree = "<group>"; };
		09A2F4D61D22713500478FBD /* XDSTracker.swift */ = {isa = PBXFileReference; fileEncoding = 4; lastKnownFileType = sourcecode.swift; path = XDSTracker.swift; sourceTree = "<group>"; };
		09A2F4DC1D22719300478FBD /* XDSThirdPartyService.swift */ = {isa = PBXFileReference; fileEncoding = 4; lastKnownFileType = sourcecode.swift; path = XDSThirdPartyService.swift; sourceTree = "<group>"; };
		09A2F4E21D2271F400478FBD /* About.txt */ = {isa = PBXFileReference; fileEncoding = 4; lastKnownFileType = text; path = About.txt; sourceTree = "<group>"; };
		09A2F4E31D2271F400478FBD /* GCDAsyncSocket.h */ = {isa = PBXFileReference; fileEncoding = 4; lastKnownFileType = sourcecode.c.h; path = GCDAsyncSocket.h; sourceTree = "<group>"; };
		09A2F4E41D2271F400478FBD /* GCDAsyncSocket.m */ = {isa = PBXFileReference; fileEncoding = 4; lastKnownFileType = sourcecode.c.objc; path = GCDAsyncSocket.m; sourceTree = "<group>"; };
		09A2F4E61D2271F400478FBD /* About.txt */ = {isa = PBXFileReference; fileEncoding = 4; lastKnownFileType = text; path = About.txt; sourceTree = "<group>"; };
		09A2F4E71D2271F400478FBD /* DDAbstractDatabaseLogger.h */ = {isa = PBXFileReference; fileEncoding = 4; lastKnownFileType = sourcecode.c.h; path = DDAbstractDatabaseLogger.h; sourceTree = "<group>"; };
		09A2F4E81D2271F400478FBD /* DDAbstractDatabaseLogger.m */ = {isa = PBXFileReference; fileEncoding = 4; lastKnownFileType = sourcecode.c.objc; path = DDAbstractDatabaseLogger.m; sourceTree = "<group>"; };
		09A2F4E91D2271F400478FBD /* DDASLLogger.h */ = {isa = PBXFileReference; fileEncoding = 4; lastKnownFileType = sourcecode.c.h; path = DDASLLogger.h; sourceTree = "<group>"; };
		09A2F4EA1D2271F400478FBD /* DDASLLogger.m */ = {isa = PBXFileReference; fileEncoding = 4; lastKnownFileType = sourcecode.c.objc; path = DDASLLogger.m; sourceTree = "<group>"; };
		09A2F4EB1D2271F400478FBD /* DDFileLogger.h */ = {isa = PBXFileReference; fileEncoding = 4; lastKnownFileType = sourcecode.c.h; path = DDFileLogger.h; sourceTree = "<group>"; };
		09A2F4EC1D2271F400478FBD /* DDFileLogger.m */ = {isa = PBXFileReference; fileEncoding = 4; lastKnownFileType = sourcecode.c.objc; path = DDFileLogger.m; sourceTree = "<group>"; };
		09A2F4ED1D2271F400478FBD /* DDLog.h */ = {isa = PBXFileReference; fileEncoding = 4; lastKnownFileType = sourcecode.c.h; path = DDLog.h; sourceTree = "<group>"; };
		09A2F4EE1D2271F400478FBD /* DDLog.m */ = {isa = PBXFileReference; fileEncoding = 4; lastKnownFileType = sourcecode.c.objc; path = DDLog.m; sourceTree = "<group>"; };
		09A2F4EF1D2271F400478FBD /* DDTTYLogger.h */ = {isa = PBXFileReference; fileEncoding = 4; lastKnownFileType = sourcecode.c.h; path = DDTTYLogger.h; sourceTree = "<group>"; };
		09A2F4F01D2271F400478FBD /* DDTTYLogger.m */ = {isa = PBXFileReference; fileEncoding = 4; lastKnownFileType = sourcecode.c.objc; path = DDTTYLogger.m; sourceTree = "<group>"; };
		09A2F4F21D2271F400478FBD /* ContextFilterLogFormatter.h */ = {isa = PBXFileReference; fileEncoding = 4; lastKnownFileType = sourcecode.c.h; path = ContextFilterLogFormatter.h; sourceTree = "<group>"; };
		09A2F4F31D2271F400478FBD /* ContextFilterLogFormatter.m */ = {isa = PBXFileReference; fileEncoding = 4; lastKnownFileType = sourcecode.c.objc; path = ContextFilterLogFormatter.m; sourceTree = "<group>"; };
		09A2F4F41D2271F400478FBD /* DispatchQueueLogFormatter.h */ = {isa = PBXFileReference; fileEncoding = 4; lastKnownFileType = sourcecode.c.h; path = DispatchQueueLogFormatter.h; sourceTree = "<group>"; };
		09A2F4F51D2271F400478FBD /* DispatchQueueLogFormatter.m */ = {isa = PBXFileReference; fileEncoding = 4; lastKnownFileType = sourcecode.c.objc; path = DispatchQueueLogFormatter.m; sourceTree = "<group>"; };
		09A2F4F61D2271F400478FBD /* README.txt */ = {isa = PBXFileReference; fileEncoding = 4; lastKnownFileType = text; path = README.txt; sourceTree = "<group>"; };
		09A2F4F91D2271F400478FBD /* DDData.h */ = {isa = PBXFileReference; fileEncoding = 4; lastKnownFileType = sourcecode.c.h; path = DDData.h; sourceTree = "<group>"; };
		09A2F4FA1D2271F400478FBD /* DDData.m */ = {isa = PBXFileReference; fileEncoding = 4; lastKnownFileType = sourcecode.c.objc; path = DDData.m; sourceTree = "<group>"; };
		09A2F4FB1D2271F400478FBD /* DDNumber.h */ = {isa = PBXFileReference; fileEncoding = 4; lastKnownFileType = sourcecode.c.h; path = DDNumber.h; sourceTree = "<group>"; };
		09A2F4FC1D2271F400478FBD /* DDNumber.m */ = {isa = PBXFileReference; fileEncoding = 4; lastKnownFileType = sourcecode.c.objc; path = DDNumber.m; sourceTree = "<group>"; };
		09A2F4FD1D2271F400478FBD /* DDRange.h */ = {isa = PBXFileReference; fileEncoding = 4; lastKnownFileType = sourcecode.c.h; path = DDRange.h; sourceTree = "<group>"; };
		09A2F4FE1D2271F400478FBD /* DDRange.m */ = {isa = PBXFileReference; fileEncoding = 4; lastKnownFileType = sourcecode.c.objc; path = DDRange.m; sourceTree = "<group>"; };
		09A2F4FF1D2271F400478FBD /* HTTPAuthenticationRequest.h */ = {isa = PBXFileReference; fileEncoding = 4; lastKnownFileType = sourcecode.c.h; path = HTTPAuthenticationRequest.h; sourceTree = "<group>"; };
		09A2F5001D2271F400478FBD /* HTTPAuthenticationRequest.m */ = {isa = PBXFileReference; fileEncoding = 4; lastKnownFileType = sourcecode.c.objc; path = HTTPAuthenticationRequest.m; sourceTree = "<group>"; };
		09A2F5011D2271F400478FBD /* HTTPConnection.h */ = {isa = PBXFileReference; fileEncoding = 4; lastKnownFileType = sourcecode.c.h; path = HTTPConnection.h; sourceTree = "<group>"; };
		09A2F5021D2271F400478FBD /* HTTPConnection.m */ = {isa = PBXFileReference; fileEncoding = 4; lastKnownFileType = sourcecode.c.objc; path = HTTPConnection.m; sourceTree = "<group>"; };
		09A2F5031D2271F400478FBD /* HTTPLogging.h */ = {isa = PBXFileReference; fileEncoding = 4; lastKnownFileType = sourcecode.c.h; path = HTTPLogging.h; sourceTree = "<group>"; };
		09A2F5041D2271F400478FBD /* HTTPMessage.h */ = {isa = PBXFileReference; fileEncoding = 4; lastKnownFileType = sourcecode.c.h; path = HTTPMessage.h; sourceTree = "<group>"; };
		09A2F5051D2271F400478FBD /* HTTPMessage.m */ = {isa = PBXFileReference; fileEncoding = 4; lastKnownFileType = sourcecode.c.objc; path = HTTPMessage.m; sourceTree = "<group>"; };
		09A2F5061D2271F400478FBD /* HTTPResponse.h */ = {isa = PBXFileReference; fileEncoding = 4; lastKnownFileType = sourcecode.c.h; path = HTTPResponse.h; sourceTree = "<group>"; };
		09A2F5071D2271F400478FBD /* HTTPServer.h */ = {isa = PBXFileReference; fileEncoding = 4; lastKnownFileType = sourcecode.c.h; path = HTTPServer.h; sourceTree = "<group>"; };
		09A2F5081D2271F400478FBD /* HTTPServer.m */ = {isa = PBXFileReference; fileEncoding = 4; lastKnownFileType = sourcecode.c.objc; path = HTTPServer.m; sourceTree = "<group>"; };
		09A2F50A1D2271F400478FBD /* MultipartFormDataParser.h */ = {isa = PBXFileReference; fileEncoding = 4; lastKnownFileType = sourcecode.c.h; path = MultipartFormDataParser.h; sourceTree = "<group>"; };
		09A2F50B1D2271F400478FBD /* MultipartFormDataParser.m */ = {isa = PBXFileReference; fileEncoding = 4; lastKnownFileType = sourcecode.c.objc; path = MultipartFormDataParser.m; sourceTree = "<group>"; };
		09A2F50C1D2271F400478FBD /* MultipartMessageHeader.h */ = {isa = PBXFileReference; fileEncoding = 4; lastKnownFileType = sourcecode.c.h; path = MultipartMessageHeader.h; sourceTree = "<group>"; };
		09A2F50D1D2271F400478FBD /* MultipartMessageHeader.m */ = {isa = PBXFileReference; fileEncoding = 4; lastKnownFileType = sourcecode.c.objc; path = MultipartMessageHeader.m; sourceTree = "<group>"; };
		09A2F50E1D2271F400478FBD /* MultipartMessageHeaderField.h */ = {isa = PBXFileReference; fileEncoding = 4; lastKnownFileType = sourcecode.c.h; path = MultipartMessageHeaderField.h; sourceTree = "<group>"; };
		09A2F50F1D2271F400478FBD /* MultipartMessageHeaderField.m */ = {isa = PBXFileReference; fileEncoding = 4; lastKnownFileType = sourcecode.c.objc; path = MultipartMessageHeaderField.m; sourceTree = "<group>"; };
		09A2F5111D2271F400478FBD /* HTTPAsyncFileResponse.h */ = {isa = PBXFileReference; fileEncoding = 4; lastKnownFileType = sourcecode.c.h; path = HTTPAsyncFileResponse.h; sourceTree = "<group>"; };
		09A2F5121D2271F400478FBD /* HTTPAsyncFileResponse.m */ = {isa = PBXFileReference; fileEncoding = 4; lastKnownFileType = sourcecode.c.objc; path = HTTPAsyncFileResponse.m; sourceTree = "<group>"; };
		09A2F5131D2271F400478FBD /* HTTPDataResponse.h */ = {isa = PBXFileReference; fileEncoding = 4; lastKnownFileType = sourcecode.c.h; path = HTTPDataResponse.h; sourceTree = "<group>"; };
		09A2F5141D2271F400478FBD /* HTTPDataResponse.m */ = {isa = PBXFileReference; fileEncoding = 4; lastKnownFileType = sourcecode.c.objc; path = HTTPDataResponse.m; sourceTree = "<group>"; };
		09A2F5151D2271F400478FBD /* HTTPDynamicFileResponse.h */ = {isa = PBXFileReference; fileEncoding = 4; lastKnownFileType = sourcecode.c.h; path = HTTPDynamicFileResponse.h; sourceTree = "<group>"; };
		09A2F5161D2271F400478FBD /* HTTPDynamicFileResponse.m */ = {isa = PBXFileReference; fileEncoding = 4; lastKnownFileType = sourcecode.c.objc; path = HTTPDynamicFileResponse.m; sourceTree = "<group>"; };
		09A2F5171D2271F400478FBD /* HTTPErrorResponse.h */ = {isa = PBXFileReference; fileEncoding = 4; lastKnownFileType = sourcecode.c.h; path = HTTPErrorResponse.h; sourceTree = "<group>"; };
		09A2F5181D2271F400478FBD /* HTTPErrorResponse.m */ = {isa = PBXFileReference; fileEncoding = 4; lastKnownFileType = sourcecode.c.objc; path = HTTPErrorResponse.m; sourceTree = "<group>"; };
		09A2F5191D2271F400478FBD /* HTTPFileResponse.h */ = {isa = PBXFileReference; fileEncoding = 4; lastKnownFileType = sourcecode.c.h; path = HTTPFileResponse.h; sourceTree = "<group>"; };
		09A2F51A1D2271F400478FBD /* HTTPFileResponse.m */ = {isa = PBXFileReference; fileEncoding = 4; lastKnownFileType = sourcecode.c.objc; path = HTTPFileResponse.m; sourceTree = "<group>"; };
		09A2F51B1D2271F400478FBD /* HTTPRedirectResponse.h */ = {isa = PBXFileReference; fileEncoding = 4; lastKnownFileType = sourcecode.c.h; path = HTTPRedirectResponse.h; sourceTree = "<group>"; };
		09A2F51C1D2271F400478FBD /* HTTPRedirectResponse.m */ = {isa = PBXFileReference; fileEncoding = 4; lastKnownFileType = sourcecode.c.objc; path = HTTPRedirectResponse.m; sourceTree = "<group>"; };
		09A2F51D1D2271F400478FBD /* WebSocket.h */ = {isa = PBXFileReference; fileEncoding = 4; lastKnownFileType = sourcecode.c.h; path = WebSocket.h; sourceTree = "<group>"; };
		09A2F51E1D2271F400478FBD /* WebSocket.m */ = {isa = PBXFileReference; fileEncoding = 4; lastKnownFileType = sourcecode.c.objc; path = WebSocket.m; sourceTree = "<group>"; };
		09A2F51F1D2271F400478FBD /* MyHTTPConnection.h */ = {isa = PBXFileReference; fileEncoding = 4; lastKnownFileType = sourcecode.c.h; path = MyHTTPConnection.h; sourceTree = "<group>"; };
		09A2F5201D2271F400478FBD /* MyHTTPConnection.m */ = {isa = PBXFileReference; fileEncoding = 4; lastKnownFileType = sourcecode.c.objc; path = MyHTTPConnection.m; sourceTree = "<group>"; };
		09A2F5221D2271F400478FBD /* index.html */ = {isa = PBXFileReference; fileEncoding = 4; lastKnownFileType = text.html; path = index.html; sourceTree = "<group>"; };
		09A2F5231D2271F400478FBD /* upload.html */ = {isa = PBXFileReference; fileEncoding = 4; lastKnownFileType = text.html; path = upload.html; sourceTree = "<group>"; };
		09A2F5441D22722400478FBD /* XDSIPHelper.h */ = {isa = PBXFileReference; fileEncoding = 4; lastKnownFileType = sourcecode.c.h; path = XDSIPHelper.h; sourceTree = "<group>"; };
		09A2F5451D22722400478FBD /* XDSIPHelper.m */ = {isa = PBXFileReference; fileEncoding = 4; lastKnownFileType = sourcecode.c.objc; path = XDSIPHelper.m; sourceTree = "<group>"; };
		09A2F5481D22723C00478FBD /* XDSWIFIFileTransferViewController.swift */ = {isa = PBXFileReference; fileEncoding = 4; lastKnownFileType = sourcecode.swift; path = XDSWIFIFileTransferViewController.swift; sourceTree = "<group>"; };
		09B4A6B01D3CD93A0019FD04 /* 30岁前建人脉 30岁后赚大钱-龙柒 */ = {isa = PBXFileReference; fileEncoding = 4; lastKnownFileType = text; path = "30岁前建人脉 30岁后赚大钱-龙柒"; sourceTree = "<group>"; };
		09B4A6B11D3CD93A0019FD04 /* 创新的赢利模式-纪永英 */ = {isa = PBXFileReference; fileEncoding = 4; lastKnownFileType = text; path = "创新的赢利模式-纪永英"; sourceTree = "<group>"; };
		09B4A6B21D3CD93A0019FD04 /* 创业时，我们在知乎聊什么?-知乎 */ = {isa = PBXFileReference; fileEncoding = 4; lastKnownFileType = text; path = "创业时，我们在知乎聊什么?-知乎"; sourceTree = "<group>"; };
		09B4A6B31D3CD93A0019FD04 /* 互联网思维-钟殿舟 */ = {isa = PBXFileReference; fileEncoding = 4; lastKnownFileType = text; path = "互联网思维-钟殿舟"; sourceTree = "<group>"; };
		09B4A6B41D3CD93A0019FD04 /* 货币的教训：汇率与货币系列评论-周其仁 */ = {isa = PBXFileReference; fileEncoding = 4; lastKnownFileType = text; path = "货币的教训：汇率与货币系列评论-周其仁"; sourceTree = "<group>"; };
		09B4A6B51D3CD93A0019FD04 /* 快挖掘你的财商-任宪法 著 */ = {isa = PBXFileReference; fileEncoding = 4; lastKnownFileType = text; path = "快挖掘你的财商-任宪法 著"; sourceTree = "<group>"; };
		09B4A6B61D3CD93A0019FD04 /* 途客圈创业记：不疯魔，不成活-陈天 */ = {isa = PBXFileReference; fileEncoding = 4; lastKnownFileType = text; path = "途客圈创业记：不疯魔，不成活-陈天"; sourceTree = "<group>"; };
		09B4A6B71D3CD93A0019FD04 /* 一开口就能找对话题-刘成 */ = {isa = PBXFileReference; fileEncoding = 4; lastKnownFileType = text; path = "一开口就能找对话题-刘成"; sourceTree = "<group>"; };
		09B4A6B81D3CD93A0019FD04 /* 引爆社群：移动互联网时代的新4C法则-唐兴通 */ = {isa = PBXFileReference; fileEncoding = 4; lastKnownFileType = text; path = "引爆社群：移动互联网时代的新4C法则-唐兴通"; sourceTree = "<group>"; };
		09B4A6B91D3CD93A0019FD04 /* 长投专刊 精华版（一）穷爸爸，富爸爸-长投网 */ = {isa = PBXFileReference; fileEncoding = 4; lastKnownFileType = text; path = "长投专刊 精华版（一）穷爸爸，富爸爸-长投网"; sourceTree = "<group>"; };
		09C3A82D1D2A44E30038A7D4 /* XDSSwiftHeaders.swift */ = {isa = PBXFileReference; fileEncoding = 4; lastKnownFileType = sourcecode.swift; path = XDSSwiftHeaders.swift; sourceTree = "<group>"; };
		2433A474031A6FBCD3F96DAC /* Pods.release.xcconfig */ = {isa = PBXFileReference; includeInIndex = 1; lastKnownFileType = text.xcconfig; name = Pods.release.xcconfig; path = "Pods/Target Support Files/Pods/Pods.release.xcconfig"; sourceTree = "<group>"; };
		311045225B85B62F5BFE5CE9 /* Pods.framework */ = {isa = PBXFileReference; explicitFileType = wrapper.framework; includeInIndex = 0; path = Pods.framework; sourceTree = BUILT_PRODUCTS_DIR; };
		A026971E1D1E5005002D30AB /* Practice_swift.app */ = {isa = PBXFileReference; explicitFileType = wrapper.application; includeInIndex = 0; path = Practice_swift.app; sourceTree = BUILT_PRODUCTS_DIR; };
		A02697231D1E5005002D30AB /* ViewController.swift */ = {isa = PBXFileReference; lastKnownFileType = sourcecode.swift; path = ViewController.swift; sourceTree = "<group>"; };
		A02697261D1E5005002D30AB /* Base */ = {isa = PBXFileReference; lastKnownFileType = file.storyboard; name = Base; path = Base.lproj/Main.storyboard; sourceTree = "<group>"; };
		A02697281D1E5005002D30AB /* Assets.xcassets */ = {isa = PBXFileReference; lastKnownFileType = folder.assetcatalog; path = Assets.xcassets; sourceTree = "<group>"; };
		A026972B1D1E5005002D30AB /* Base */ = {isa = PBXFileReference; lastKnownFileType = file.storyboard; name = Base; path = Base.lproj/LaunchScreen.storyboard; sourceTree = "<group>"; };
		A026972D1D1E5005002D30AB /* Info.plist */ = {isa = PBXFileReference; lastKnownFileType = text.plist.xml; path = Info.plist; sourceTree = "<group>"; };
		A02697381D1E6B41002D30AB /* Practice_swift-Bridging-Header.h */ = {isa = PBXFileReference; lastKnownFileType = sourcecode.c.h; path = "Practice_swift-Bridging-Header.h"; sourceTree = "<group>"; };
		A02995961D21665D0047C1DC /* wifi.png */ = {isa = PBXFileReference; lastKnownFileType = image.png; path = wifi.png; sourceTree = "<group>"; };
		A02D448E1D1FC9EE00DC0A2B /* NotificationCenter.framework */ = {isa = PBXFileReference; lastKnownFileType = wrapper.framework; name = NotificationCenter.framework; path = System/Library/Frameworks/NotificationCenter.framework; sourceTree = SDKROOT; };
		DB9BEFDB11541FD9598A510B /* Pods.debug.xcconfig */ = {isa = PBXFileReference; includeInIndex = 1; lastKnownFileType = text.xcconfig; name = Pods.debug.xcconfig; path = "Pods/Target Support Files/Pods/Pods.debug.xcconfig"; sourceTree = "<group>"; };
/* End PBXFileReference section */

/* Begin PBXFrameworksBuildPhase section */
		A026971B1D1E5005002D30AB /* Frameworks */ = {
			isa = PBXFrameworksBuildPhase;
			buildActionMask = 2147483647;
			files = (
				CE6AD1EAB32309B6D5BCEB38 /* Pods.framework in Frameworks */,
			);
			runOnlyForDeploymentPostprocessing = 0;
		};
/* End PBXFrameworksBuildPhase section */

/* Begin PBXGroup section */
		09126C701D227968001D32A0 /* KeyChain */ = {
			isa = PBXGroup;
			children = (
				09126C711D227968001D32A0 /* SSKeychain.h */,
				09126C721D227968001D32A0 /* SSKeychain.m */,
			);
			path = KeyChain;
			sourceTree = "<group>";
		};
		0977B4271D2A3A7C008C5F2D /* 后台接口调试 */ = {
			isa = PBXGroup;
			children = (
				0977B4281D2A3B19008C5F2D /* XDSAPITestViewController.swift */,
			);
			path = "后台接口调试";
			sourceTree = "<group>";
		};
		09A2F4CC1D2270D300478FBD /* APPDelegate */ = {
			isa = PBXGroup;
			children = (
				09A2F4D31D2270E100478FBD /* AppDelegate.swift */,
			);
			path = APPDelegate;
			sourceTree = "<group>";
		};
		09A2F4CD1D2270D300478FBD /* Categories */ = {
			isa = PBXGroup;
			children = (
			);
			path = Categories;
			sourceTree = "<group>";
		};
		09A2F4CE1D2270D300478FBD /* General */ = {
			isa = PBXGroup;
			children = (
				09A2F4DE1D2271BD00478FBD /* Components */,
				09A2F4DF1D2271BD00478FBD /* ViewControllers */,
			);
			path = General;
			sourceTree = "<group>";
		};
		09A2F4CF1D2270D300478FBD /* Helpers */ = {
			isa = PBXGroup;
			children = (
				09126C701D227968001D32A0 /* KeyChain */,
				09A2F5431D22722400478FBD /* IPHelper */,
				09A2F4DB1D22719300478FBD /* ThirdPartyService */,
				09A2F4D51D22713500478FBD /* Tracker */,
			);
			path = Helpers;
			sourceTree = "<group>";
		};
		09A2F4D01D2270D300478FBD /* Macro */ = {
			isa = PBXGroup;
			children = (
				09C3A82C1D2A44CE0038A7D4 /* SwiftHeaders */,
			);
			path = Macro;
			sourceTree = "<group>";
		};
		09A2F4D11D2270D300478FBD /* Models */ = {
			isa = PBXGroup;
			children = (
			);
			path = Models;
			sourceTree = "<group>";
		};
		09A2F4D21D2270D300478FBD /* Vendors */ = {
			isa = PBXGroup;
			children = (
				09A2F4E01D2271F400478FBD /* SimpleFileUploadServer */,
			);
			path = Vendors;
			sourceTree = "<group>";
		};
		09A2F4D51D22713500478FBD /* Tracker */ = {
			isa = PBXGroup;
			children = (
				09A2F4D61D22713500478FBD /* XDSTracker.swift */,
			);
			path = Tracker;
			sourceTree = "<group>";
		};
		09A2F4DB1D22719300478FBD /* ThirdPartyService */ = {
			isa = PBXGroup;
			children = (
				09A2F4DC1D22719300478FBD /* XDSThirdPartyService.swift */,
			);
			path = ThirdPartyService;
			sourceTree = "<group>";
		};
		09A2F4DE1D2271BD00478FBD /* Components */ = {
			isa = PBXGroup;
			children = (
			);
			path = Components;
			sourceTree = "<group>";
		};
		09A2F4DF1D2271BD00478FBD /* ViewControllers */ = {
			isa = PBXGroup;
			children = (
				0977B4271D2A3A7C008C5F2D /* 后台接口调试 */,
				09A2F5471D22723C00478FBD /* wifi文件传输 */,
			);
			path = ViewControllers;
			sourceTree = "<group>";
		};
		09A2F4E01D2271F400478FBD /* SimpleFileUploadServer */ = {
			isa = PBXGroup;
			children = (
				09A2F4E11D2271F400478FBD /* CocoaAsyncSocket */,
				09A2F4E51D2271F400478FBD /* CocoaLumberjack */,
				09A2F4F71D2271F400478FBD /* Core */,
				09A2F51F1D2271F400478FBD /* MyHTTPConnection.h */,
				09A2F5201D2271F400478FBD /* MyHTTPConnection.m */,
				09A2F5211D2271F400478FBD /* web */,
			);
			path = SimpleFileUploadServer;
			sourceTree = "<group>";
		};
		09A2F4E11D2271F400478FBD /* CocoaAsyncSocket */ = {
			isa = PBXGroup;
			children = (
				09A2F4E21D2271F400478FBD /* About.txt */,
				09A2F4E31D2271F400478FBD /* GCDAsyncSocket.h */,
				09A2F4E41D2271F400478FBD /* GCDAsyncSocket.m */,
			);
			path = CocoaAsyncSocket;
			sourceTree = "<group>";
		};
		09A2F4E51D2271F400478FBD /* CocoaLumberjack */ = {
			isa = PBXGroup;
			children = (
				09A2F4E61D2271F400478FBD /* About.txt */,
				09A2F4E71D2271F400478FBD /* DDAbstractDatabaseLogger.h */,
				09A2F4E81D2271F400478FBD /* DDAbstractDatabaseLogger.m */,
				09A2F4E91D2271F400478FBD /* DDASLLogger.h */,
				09A2F4EA1D2271F400478FBD /* DDASLLogger.m */,
				09A2F4EB1D2271F400478FBD /* DDFileLogger.h */,
				09A2F4EC1D2271F400478FBD /* DDFileLogger.m */,
				09A2F4ED1D2271F400478FBD /* DDLog.h */,
				09A2F4EE1D2271F400478FBD /* DDLog.m */,
				09A2F4EF1D2271F400478FBD /* DDTTYLogger.h */,
				09A2F4F01D2271F400478FBD /* DDTTYLogger.m */,
				09A2F4F11D2271F400478FBD /* Extensions */,
			);
			path = CocoaLumberjack;
			sourceTree = "<group>";
		};
		09A2F4F11D2271F400478FBD /* Extensions */ = {
			isa = PBXGroup;
			children = (
				09A2F4F21D2271F400478FBD /* ContextFilterLogFormatter.h */,
				09A2F4F31D2271F400478FBD /* ContextFilterLogFormatter.m */,
				09A2F4F41D2271F400478FBD /* DispatchQueueLogFormatter.h */,
				09A2F4F51D2271F400478FBD /* DispatchQueueLogFormatter.m */,
				09A2F4F61D2271F400478FBD /* README.txt */,
			);
			path = Extensions;
			sourceTree = "<group>";
		};
		09A2F4F71D2271F400478FBD /* Core */ = {
			isa = PBXGroup;
			children = (
				09A2F4F81D2271F400478FBD /* Categories */,
				09A2F4FF1D2271F400478FBD /* HTTPAuthenticationRequest.h */,
				09A2F5001D2271F400478FBD /* HTTPAuthenticationRequest.m */,
				09A2F5011D2271F400478FBD /* HTTPConnection.h */,
				09A2F5021D2271F400478FBD /* HTTPConnection.m */,
				09A2F5031D2271F400478FBD /* HTTPLogging.h */,
				09A2F5041D2271F400478FBD /* HTTPMessage.h */,
				09A2F5051D2271F400478FBD /* HTTPMessage.m */,
				09A2F5061D2271F400478FBD /* HTTPResponse.h */,
				09A2F5071D2271F400478FBD /* HTTPServer.h */,
				09A2F5081D2271F400478FBD /* HTTPServer.m */,
				09A2F5091D2271F400478FBD /* Mime */,
				09A2F5101D2271F400478FBD /* Responses */,
				09A2F51D1D2271F400478FBD /* WebSocket.h */,
				09A2F51E1D2271F400478FBD /* WebSocket.m */,
			);
			path = Core;
			sourceTree = "<group>";
		};
		09A2F4F81D2271F400478FBD /* Categories */ = {
			isa = PBXGroup;
			children = (
				09A2F4F91D2271F400478FBD /* DDData.h */,
				09A2F4FA1D2271F400478FBD /* DDData.m */,
				09A2F4FB1D2271F400478FBD /* DDNumber.h */,
				09A2F4FC1D2271F400478FBD /* DDNumber.m */,
				09A2F4FD1D2271F400478FBD /* DDRange.h */,
				09A2F4FE1D2271F400478FBD /* DDRange.m */,
			);
			path = Categories;
			sourceTree = "<group>";
		};
		09A2F5091D2271F400478FBD /* Mime */ = {
			isa = PBXGroup;
			children = (
				09A2F50A1D2271F400478FBD /* MultipartFormDataParser.h */,
				09A2F50B1D2271F400478FBD /* MultipartFormDataParser.m */,
				09A2F50C1D2271F400478FBD /* MultipartMessageHeader.h */,
				09A2F50D1D2271F400478FBD /* MultipartMessageHeader.m */,
				09A2F50E1D2271F400478FBD /* MultipartMessageHeaderField.h */,
				09A2F50F1D2271F400478FBD /* MultipartMessageHeaderField.m */,
			);
			path = Mime;
			sourceTree = "<group>";
		};
		09A2F5101D2271F400478FBD /* Responses */ = {
			isa = PBXGroup;
			children = (
				09A2F5111D2271F400478FBD /* HTTPAsyncFileResponse.h */,
				09A2F5121D2271F400478FBD /* HTTPAsyncFileResponse.m */,
				09A2F5131D2271F400478FBD /* HTTPDataResponse.h */,
				09A2F5141D2271F400478FBD /* HTTPDataResponse.m */,
				09A2F5151D2271F400478FBD /* HTTPDynamicFileResponse.h */,
				09A2F5161D2271F400478FBD /* HTTPDynamicFileResponse.m */,
				09A2F5171D2271F400478FBD /* HTTPErrorResponse.h */,
				09A2F5181D2271F400478FBD /* HTTPErrorResponse.m */,
				09A2F5191D2271F400478FBD /* HTTPFileResponse.h */,
				09A2F51A1D2271F400478FBD /* HTTPFileResponse.m */,
				09A2F51B1D2271F400478FBD /* HTTPRedirectResponse.h */,
				09A2F51C1D2271F400478FBD /* HTTPRedirectResponse.m */,
			);
			path = Responses;
			sourceTree = "<group>";
		};
		09A2F5211D2271F400478FBD /* web */ = {
			isa = PBXGroup;
			children = (
				09A2F5221D2271F400478FBD /* index.html */,
				09A2F5231D2271F400478FBD /* upload.html */,
			);
			path = web;
			sourceTree = "<group>";
		};
		09A2F5431D22722400478FBD /* IPHelper */ = {
			isa = PBXGroup;
			children = (
				09A2F5441D22722400478FBD /* XDSIPHelper.h */,
				09A2F5451D22722400478FBD /* XDSIPHelper.m */,
			);
			path = IPHelper;
			sourceTree = "<group>";
		};
		09A2F5471D22723C00478FBD /* wifi文件传输 */ = {
			isa = PBXGroup;
			children = (
				09A2F5481D22723C00478FBD /* XDSWIFIFileTransferViewController.swift */,
			);
			path = "wifi文件传输";
			sourceTree = "<group>";
		};
		09B4A6AF1D3CD9310019FD04 /* wechatNotes */ = {
			isa = PBXGroup;
			children = (
				09B4A6B01D3CD93A0019FD04 /* 30岁前建人脉 30岁后赚大钱-龙柒 */,
				09B4A6B11D3CD93A0019FD04 /* 创新的赢利模式-纪永英 */,
				09B4A6B21D3CD93A0019FD04 /* 创业时，我们在知乎聊什么?-知乎 */,
				09B4A6B31D3CD93A0019FD04 /* 互联网思维-钟殿舟 */,
				09B4A6B41D3CD93A0019FD04 /* 货币的教训：汇率与货币系列评论-周其仁 */,
				09B4A6B51D3CD93A0019FD04 /* 快挖掘你的财商-任宪法 著 */,
				09B4A6B61D3CD93A0019FD04 /* 途客圈创业记：不疯魔，不成活-陈天 */,
				09B4A6B71D3CD93A0019FD04 /* 一开口就能找对话题-刘成 */,
				09B4A6B81D3CD93A0019FD04 /* 引爆社群：移动互联网时代的新4C法则-唐兴通 */,
				09B4A6B91D3CD93A0019FD04 /* 长投专刊 精华版（一）穷爸爸，富爸爸-长投网 */,
			);
			path = wechatNotes;
			sourceTree = "<group>";
		};
		09C3A82C1D2A44CE0038A7D4 /* SwiftHeaders */ = {
			isa = PBXGroup;
			children = (
				09C3A82D1D2A44E30038A7D4 /* XDSSwiftHeaders.swift */,
			);
			path = SwiftHeaders;
			sourceTree = "<group>";
		};
		27CF376613AD48D5D5583EB8 /* Pods */ = {
			isa = PBXGroup;
			children = (
				DB9BEFDB11541FD9598A510B /* Pods.debug.xcconfig */,
				2433A474031A6FBCD3F96DAC /* Pods.release.xcconfig */,
			);
			name = Pods;
			sourceTree = "<group>";
		};
		A02697151D1E5005002D30AB = {
			isa = PBXGroup;
			children = (
				A02697201D1E5005002D30AB /* Practice_swift */,
				A026971F1D1E5005002D30AB /* Products */,
				27CF376613AD48D5D5583EB8 /* Pods */,
				F91121E996534F1697BE6E46 /* Frameworks */,
			);
			sourceTree = "<group>";
		};
		A026971F1D1E5005002D30AB /* Products */ = {
			isa = PBXGroup;
			children = (
				A026971E1D1E5005002D30AB /* Practice_swift.app */,
			);
			name = Products;
			sourceTree = "<group>";
		};
		A02697201D1E5005002D30AB /* Practice_swift */ = {
			isa = PBXGroup;
			children = (
				A02697231D1E5005002D30AB /* ViewController.swift */,
				A02697251D1E5005002D30AB /* Main.storyboard */,
				09A2F4CC1D2270D300478FBD /* APPDelegate */,
				09A2F4CE1D2270D300478FBD /* General */,
				09A2F4D11D2270D300478FBD /* Models */,
				09A2F4CF1D2270D300478FBD /* Helpers */,
				09A2F4D21D2270D300478FBD /* Vendors */,
				09A2F4D01D2270D300478FBD /* Macro */,
				09A2F4CD1D2270D300478FBD /* Categories */,
				A02995251D2165A70047C1DC /* Resources */,
				A02697281D1E5005002D30AB /* Assets.xcassets */,
				A026972A1D1E5005002D30AB /* LaunchScreen.storyboard */,
				A026972D1D1E5005002D30AB /* Info.plist */,
				A02697381D1E6B41002D30AB /* Practice_swift-Bridging-Header.h */,
			);
			path = Practice_swift;
			sourceTree = "<group>";
		};
		A02995251D2165A70047C1DC /* Resources */ = {
			isa = PBXGroup;
			children = (
				09B4A6AF1D3CD9310019FD04 /* wechatNotes */,
				A02995951D21665D0047C1DC /* images */,
			);
			path = Resources;
			sourceTree = "<group>";
		};
		A02995951D21665D0047C1DC /* images */ = {
			isa = PBXGroup;
			children = (
				A02995961D21665D0047C1DC /* wifi.png */,
			);
			path = images;
			sourceTree = "<group>";
		};
		F91121E996534F1697BE6E46 /* Frameworks */ = {
			isa = PBXGroup;
			children = (
				A02D448E1D1FC9EE00DC0A2B /* NotificationCenter.framework */,
				311045225B85B62F5BFE5CE9 /* Pods.framework */,
			);
			name = Frameworks;
			sourceTree = "<group>";
		};
/* End PBXGroup section */

/* Begin PBXNativeTarget section */
		A026971D1D1E5005002D30AB /* Practice_swift */ = {
			isa = PBXNativeTarget;
			buildConfigurationList = A02697301D1E5005002D30AB /* Build configuration list for PBXNativeTarget "Practice_swift" */;
			buildPhases = (
				19EF0D1602D4EBA38DF65A25 /* Check Pods Manifest.lock */,
				A026971A1D1E5005002D30AB /* Sources */,
				A026971B1D1E5005002D30AB /* Frameworks */,
				A026971C1D1E5005002D30AB /* Resources */,
				C4955A86A8DC10A30048C079 /* Embed Pods Frameworks */,
				9011B0F3161DE68A1DD6D4A8 /* Copy Pods Resources */,
				A02D449E1D1FC9EE00DC0A2B /* Embed App Extensions */,
			);
			buildRules = (
			);
			dependencies = (
			);
			name = Practice_swift;
			productName = Practice_swift;
			productReference = A026971E1D1E5005002D30AB /* Practice_swift.app */;
			productType = "com.apple.product-type.application";
		};
/* End PBXNativeTarget section */

/* Begin PBXProject section */
		A02697161D1E5005002D30AB /* Project object */ = {
			isa = PBXProject;
			attributes = {
				LastSwiftUpdateCheck = 0730;
				LastUpgradeCheck = 0730;
				ORGANIZATIONNAME = "上海优蜜科技有限公司";
				TargetAttributes = {
					A026971D1D1E5005002D30AB = {
						CreatedOnToolsVersion = 7.3;
						DevelopmentTeam = TUBUWPLD5H;
						SystemCapabilities = {
							com.apple.ApplicationGroups.iOS = {
								enabled = 1;
							};
						};
					};
				};
			};
			buildConfigurationList = A02697191D1E5005002D30AB /* Build configuration list for PBXProject "Practice_swift" */;
			compatibilityVersion = "Xcode 3.2";
			developmentRegion = English;
			hasScannedForEncodings = 0;
			knownRegions = (
				en,
				Base,
			);
			mainGroup = A02697151D1E5005002D30AB;
			productRefGroup = A026971F1D1E5005002D30AB /* Products */;
			projectDirPath = "";
			projectRoot = "";
			targets = (
				A026971D1D1E5005002D30AB /* Practice_swift */,
			);
		};
/* End PBXProject section */

/* Begin PBXResourcesBuildPhase section */
		A026971C1D1E5005002D30AB /* Resources */ = {
			isa = PBXResourcesBuildPhase;
			buildActionMask = 2147483647;
			files = (
				09B4A6C01D3CD93A0019FD04 /* 途客圈创业记：不疯魔，不成活-陈天 in Resources */,
				09B4A6BB1D3CD93A0019FD04 /* 创新的赢利模式-纪永英 in Resources */,
				09B4A6BE1D3CD93A0019FD04 /* 货币的教训：汇率与货币系列评论-周其仁 in Resources */,
				09B4A6BD1D3CD93A0019FD04 /* 互联网思维-钟殿舟 in Resources */,
				09A2F5421D2271F400478FBD /* upload.html in Resources */,
				A026972C1D1E5005002D30AB /* LaunchScreen.storyboard in Resources */,
				09B4A6BA1D3CD93A0019FD04 /* 30岁前建人脉 30岁后赚大钱-龙柒 in Resources */,
				A02995971D21665D0047C1DC /* wifi.png in Resources */,
				09B4A6C11D3CD93A0019FD04 /* 一开口就能找对话题-刘成 in Resources */,
				09A2F5411D2271F400478FBD /* index.html in Resources */,
				A02697291D1E5005002D30AB /* Assets.xcassets in Resources */,
				09A2F5241D2271F400478FBD /* About.txt in Resources */,
				09B4A6BC1D3CD93A0019FD04 /* 创业时，我们在知乎聊什么?-知乎 in Resources */,
				09A2F5261D2271F400478FBD /* About.txt in Resources */,
				A02697271D1E5005002D30AB /* Main.storyboard in Resources */,
				09B4A6BF1D3CD93A0019FD04 /* 快挖掘你的财商-任宪法 著 in Resources */,
				09B4A6C21D3CD93A0019FD04 /* 引爆社群：移动互联网时代的新4C法则-唐兴通 in Resources */,
				09B4A6C31D3CD93A0019FD04 /* 长投专刊 精华版（一）穷爸爸，富爸爸-长投网 in Resources */,
				09A2F52E1D2271F400478FBD /* README.txt in Resources */,
			);
			runOnlyForDeploymentPostprocessing = 0;
		};
/* End PBXResourcesBuildPhase section */

/* Begin PBXShellScriptBuildPhase section */
		19EF0D1602D4EBA38DF65A25 /* Check Pods Manifest.lock */ = {
			isa = PBXShellScriptBuildPhase;
			buildActionMask = 2147483647;
			files = (
			);
			inputPaths = (
			);
			name = "Check Pods Manifest.lock";
			outputPaths = (
			);
			runOnlyForDeploymentPostprocessing = 0;
			shellPath = /bin/sh;
			shellScript = "diff \"${PODS_ROOT}/../Podfile.lock\" \"${PODS_ROOT}/Manifest.lock\" > /dev/null\nif [[ $? != 0 ]] ; then\n    cat << EOM\nerror: The sandbox is not in sync with the Podfile.lock. Run 'pod install' or update your CocoaPods installation.\nEOM\n    exit 1\nfi\n";
			showEnvVarsInLog = 0;
		};
		9011B0F3161DE68A1DD6D4A8 /* Copy Pods Resources */ = {
			isa = PBXShellScriptBuildPhase;
			buildActionMask = 2147483647;
			files = (
			);
			inputPaths = (
			);
			name = "Copy Pods Resources";
			outputPaths = (
			);
			runOnlyForDeploymentPostprocessing = 0;
			shellPath = /bin/sh;
			shellScript = "\"${SRCROOT}/Pods/Target Support Files/Pods/Pods-resources.sh\"\n";
			showEnvVarsInLog = 0;
		};
		C4955A86A8DC10A30048C079 /* Embed Pods Frameworks */ = {
			isa = PBXShellScriptBuildPhase;
			buildActionMask = 2147483647;
			files = (
			);
			inputPaths = (
			);
			name = "Embed Pods Frameworks";
			outputPaths = (
			);
			runOnlyForDeploymentPostprocessing = 0;
			shellPath = /bin/sh;
			shellScript = "\"${SRCROOT}/Pods/Target Support Files/Pods/Pods-frameworks.sh\"\n";
			showEnvVarsInLog = 0;
		};
/* End PBXShellScriptBuildPhase section */

/* Begin PBXSourcesBuildPhase section */
		A026971A1D1E5005002D30AB /* Sources */ = {
			isa = PBXSourcesBuildPhase;
			buildActionMask = 2147483647;
			files = (
				09A2F4DD1D22719300478FBD /* XDSThirdPartyService.swift in Sources */,
				09C3A82E1D2A44E30038A7D4 /* XDSSwiftHeaders.swift in Sources */,
				09A2F4D41D2270E100478FBD /* AppDelegate.swift in Sources */,
				09A2F5321D2271F400478FBD /* HTTPAuthenticationRequest.m in Sources */,
				09A2F52F1D2271F400478FBD /* DDData.m in Sources */,
				09A2F53A1D2271F400478FBD /* HTTPDataResponse.m in Sources */,
				09A2F53F1D2271F400478FBD /* WebSocket.m in Sources */,
				09A2F5251D2271F400478FBD /* GCDAsyncSocket.m in Sources */,
				09A2F5311D2271F400478FBD /* DDRange.m in Sources */,
				09126C731D227968001D32A0 /* SSKeychain.m in Sources */,
				09A2F53D1D2271F400478FBD /* HTTPFileResponse.m in Sources */,
				09A2F52B1D2271F400478FBD /* DDTTYLogger.m in Sources */,
				09A2F5331D2271F400478FBD /* HTTPConnection.m in Sources */,
				A02697241D1E5005002D30AB /* ViewController.swift in Sources */,
				09A2F53E1D2271F400478FBD /* HTTPRedirectResponse.m in Sources */,
				09A2F5281D2271F400478FBD /* DDASLLogger.m in Sources */,
				09A2F5371D2271F400478FBD /* MultipartMessageHeader.m in Sources */,
				09A2F53B1D2271F400478FBD /* HTTPDynamicFileResponse.m in Sources */,
				09A2F52D1D2271F400478FBD /* DispatchQueueLogFormatter.m in Sources */,
				09A2F5461D22722400478FBD /* XDSIPHelper.m in Sources */,
				09A2F52A1D2271F400478FBD /* DDLog.m in Sources */,
				09A2F5291D2271F400478FBD /* DDFileLogger.m in Sources */,
				09A2F5401D2271F400478FBD /* MyHTTPConnection.m in Sources */,
				09A2F5361D2271F400478FBD /* MultipartFormDataParser.m in Sources */,
				09A2F53C1D2271F400478FBD /* HTTPErrorResponse.m in Sources */,
				09A2F5391D2271F400478FBD /* HTTPAsyncFileResponse.m in Sources */,
				09A2F5491D22723C00478FBD /* XDSWIFIFileTransferViewController.swift in Sources */,
				09A2F5351D2271F400478FBD /* HTTPServer.m in Sources */,
				09A2F4D71D22713500478FBD /* XDSTracker.swift in Sources */,
				09A2F52C1D2271F400478FBD /* ContextFilterLogFormatter.m in Sources */,
				09A2F5301D2271F400478FBD /* DDNumber.m in Sources */,
				09A2F5341D2271F400478FBD /* HTTPMessage.m in Sources */,
				09A2F5271D2271F400478FBD /* DDAbstractDatabaseLogger.m in Sources */,
				09A2F5381D2271F400478FBD /* MultipartMessageHeaderField.m in Sources */,
				0977B4291D2A3B19008C5F2D /* XDSAPITestViewController.swift in Sources */,
			);
			runOnlyForDeploymentPostprocessing = 0;
		};
/* End PBXSourcesBuildPhase section */

/* Begin PBXVariantGroup section */
		A02697251D1E5005002D30AB /* Main.storyboard */ = {
			isa = PBXVariantGroup;
			children = (
				A02697261D1E5005002D30AB /* Base */,
			);
			name = Main.storyboard;
			sourceTree = "<group>";
		};
		A026972A1D1E5005002D30AB /* LaunchScreen.storyboard */ = {
			isa = PBXVariantGroup;
			children = (
				A026972B1D1E5005002D30AB /* Base */,
			);
			name = LaunchScreen.storyboard;
			sourceTree = "<group>";
		};
/* End PBXVariantGroup section */

/* Begin XCBuildConfiguration section */
		A026972E1D1E5005002D30AB /* Debug */ = {
			isa = XCBuildConfiguration;
			buildSettings = {
				ALWAYS_SEARCH_USER_PATHS = NO;
				CLANG_ANALYZER_NONNULL = YES;
				CLANG_CXX_LANGUAGE_STANDARD = "gnu++0x";
				CLANG_CXX_LIBRARY = "libc++";
				CLANG_ENABLE_MODULES = YES;
				CLANG_ENABLE_OBJC_ARC = YES;
				CLANG_WARN_BOOL_CONVERSION = YES;
				CLANG_WARN_CONSTANT_CONVERSION = YES;
				CLANG_WARN_DIRECT_OBJC_ISA_USAGE = YES_ERROR;
				CLANG_WARN_EMPTY_BODY = YES;
				CLANG_WARN_ENUM_CONVERSION = YES;
				CLANG_WARN_INT_CONVERSION = YES;
				CLANG_WARN_OBJC_ROOT_CLASS = YES_ERROR;
				CLANG_WARN_UNREACHABLE_CODE = YES;
				CLANG_WARN__DUPLICATE_METHOD_MATCH = YES;
				CODE_SIGN_IDENTITY = "iPhone Developer: mu he (FX98SJ5KRZ)";
				"CODE_SIGN_IDENTITY[sdk=iphoneos*]" = "iPhone Developer: mu he (FX98SJ5KRZ)";
				COPY_PHASE_STRIP = NO;
				DEBUG_INFORMATION_FORMAT = dwarf;
				ENABLE_STRICT_OBJC_MSGSEND = YES;
				ENABLE_TESTABILITY = YES;
				GCC_C_LANGUAGE_STANDARD = gnu99;
				GCC_DYNAMIC_NO_PIC = NO;
				GCC_NO_COMMON_BLOCKS = YES;
				GCC_OPTIMIZATION_LEVEL = 0;
				GCC_PREPROCESSOR_DEFINITIONS = (
					"DEBUG=1",
					"$(inherited)",
				);
				GCC_WARN_64_TO_32_BIT_CONVERSION = YES;
				GCC_WARN_ABOUT_RETURN_TYPE = YES_ERROR;
				GCC_WARN_UNDECLARED_SELECTOR = YES;
				GCC_WARN_UNINITIALIZED_AUTOS = YES_AGGRESSIVE;
				GCC_WARN_UNUSED_FUNCTION = YES;
				GCC_WARN_UNUSED_VARIABLE = YES;
				IPHONEOS_DEPLOYMENT_TARGET = 9.3;
				MTL_ENABLE_DEBUG_INFO = YES;
				ONLY_ACTIVE_ARCH = YES;
				PROVISIONING_PROFILE = "c2914f72-566b-4d2c-b33a-88456922b497";
				SDKROOT = iphoneos;
				SWIFT_OPTIMIZATION_LEVEL = "-Onone";
				TARGETED_DEVICE_FAMILY = "1,2";
			};
			name = Debug;
		};
		A026972F1D1E5005002D30AB /* Release */ = {
			isa = XCBuildConfiguration;
			buildSettings = {
				ALWAYS_SEARCH_USER_PATHS = NO;
				CLANG_ANALYZER_NONNULL = YES;
				CLANG_CXX_LANGUAGE_STANDARD = "gnu++0x";
				CLANG_CXX_LIBRARY = "libc++";
				CLANG_ENABLE_MODULES = YES;
				CLANG_ENABLE_OBJC_ARC = YES;
				CLANG_WARN_BOOL_CONVERSION = YES;
				CLANG_WARN_CONSTANT_CONVERSION = YES;
				CLANG_WARN_DIRECT_OBJC_ISA_USAGE = YES_ERROR;
				CLANG_WARN_EMPTY_BODY = YES;
				CLANG_WARN_ENUM_CONVERSION = YES;
				CLANG_WARN_INT_CONVERSION = YES;
				CLANG_WARN_OBJC_ROOT_CLASS = YES_ERROR;
				CLANG_WARN_UNREACHABLE_CODE = YES;
				CLANG_WARN__DUPLICATE_METHOD_MATCH = YES;
				CODE_SIGN_IDENTITY = "iPhone Developer: mu he (FX98SJ5KRZ)";
				"CODE_SIGN_IDENTITY[sdk=iphoneos*]" = "iPhone Developer: mu he (FX98SJ5KRZ)";
				COPY_PHASE_STRIP = NO;
				DEBUG_INFORMATION_FORMAT = "dwarf-with-dsym";
				ENABLE_NS_ASSERTIONS = NO;
				ENABLE_STRICT_OBJC_MSGSEND = YES;
				GCC_C_LANGUAGE_STANDARD = gnu99;
				GCC_NO_COMMON_BLOCKS = YES;
				GCC_WARN_64_TO_32_BIT_CONVERSION = YES;
				GCC_WARN_ABOUT_RETURN_TYPE = YES_ERROR;
				GCC_WARN_UNDECLARED_SELECTOR = YES;
				GCC_WARN_UNINITIALIZED_AUTOS = YES_AGGRESSIVE;
				GCC_WARN_UNUSED_FUNCTION = YES;
				GCC_WARN_UNUSED_VARIABLE = YES;
				IPHONEOS_DEPLOYMENT_TARGET = 9.3;
				MTL_ENABLE_DEBUG_INFO = NO;
				PROVISIONING_PROFILE = "c2914f72-566b-4d2c-b33a-88456922b497";
				SDKROOT = iphoneos;
				TARGETED_DEVICE_FAMILY = "1,2";
				VALIDATE_PRODUCT = YES;
			};
			name = Release;
		};
		A02697311D1E5005002D30AB /* Debug */ = {
			isa = XCBuildConfiguration;
			baseConfigurationReference = DB9BEFDB11541FD9598A510B /* Pods.debug.xcconfig */;
			buildSettings = {
				ASSETCATALOG_COMPILER_APPICON_NAME = AppIcon;
				CLANG_ENABLE_MODULES = YES;
				CODE_SIGN_ENTITLEMENTS = "";
				CODE_SIGN_IDENTITY = "iPhone Developer: mu he (FX98SJ5KRZ)";
				"CODE_SIGN_IDENTITY[sdk=iphoneos*]" = "iPhone Developer: mu he (FX98SJ5KRZ)";
				EMBEDDED_CONTENT_CONTAINS_SWIFT = NO;
				FRAMEWORK_SEARCH_PATHS = "$(inherited)";
				HEADER_SEARCH_PATHS = "$(inherited)";
				INFOPLIST_FILE = Practice_swift/Info.plist;
				LD_RUNPATH_SEARCH_PATHS = "$(inherited) @executable_path/Frameworks";
				LIBRARY_SEARCH_PATHS = "$(inherited)";
				OTHER_LDFLAGS = "$(inherited)";
				PRODUCT_BUNDLE_IDENTIFIER = com.youmi.devp;
				PRODUCT_NAME = "$(TARGET_NAME)";
				PROVISIONING_PROFILE = "1298bedb-99f7-42fa-aaf1-cc3de38eab37";
				SWIFT_OBJC_BRIDGING_HEADER = "Practice_swift/Practice_swift-Bridging-Header.h";
				SWIFT_OPTIMIZATION_LEVEL = "-Onone";
			};
			name = Debug;
		};
		A02697321D1E5005002D30AB /* Release */ = {
			isa = XCBuildConfiguration;
			baseConfigurationReference = 2433A474031A6FBCD3F96DAC /* Pods.release.xcconfig */;
			buildSettings = {
				ASSETCATALOG_COMPILER_APPICON_NAME = AppIcon;
				CLANG_ENABLE_MODULES = YES;
				CODE_SIGN_ENTITLEMENTS = "";
				CODE_SIGN_IDENTITY = "iPhone Developer: mu he (FX98SJ5KRZ)";
				"CODE_SIGN_IDENTITY[sdk=iphoneos*]" = "iPhone Developer: mu he (FX98SJ5KRZ)";
				EMBEDDED_CONTENT_CONTAINS_SWIFT = NO;
				FRAMEWORK_SEARCH_PATHS = "$(inherited)";
				HEADER_SEARCH_PATHS = "$(inherited)";
				INFOPLIST_FILE = Practice_swift/Info.plist;
				LD_RUNPATH_SEARCH_PATHS = "$(inherited) @executable_path/Frameworks";
				LIBRARY_SEARCH_PATHS = "$(inherited)";
				OTHER_LDFLAGS = "$(inherited)";
				PRODUCT_BUNDLE_IDENTIFIER = com.youmi.devp;
				PRODUCT_NAME = "$(TARGET_NAME)";
				PROVISIONING_PROFILE = "1298bedb-99f7-42fa-aaf1-cc3de38eab37";
				SWIFT_OBJC_BRIDGING_HEADER = "Practice_swift/Practice_swift-Bridging-Header.h";
			};
			name = Release;
		};
/* End XCBuildConfiguration section */

/* Begin XCConfigurationList section */
		A02697191D1E5005002D30AB /* Build configuration list for PBXProject "Practice_swift" */ = {
			isa = XCConfigurationList;
			buildConfigurations = (
				A026972E1D1E5005002D30AB /* Debug */,
				A026972F1D1E5005002D30AB /* Release */,
			);
			defaultConfigurationIsVisible = 0;
			defaultConfigurationName = Release;
		};
		A02697301D1E5005002D30AB /* Build configuration list for PBXNativeTarget "Practice_swift" */ = {
			isa = XCConfigurationList;
			buildConfigurations = (
				A02697311D1E5005002D30AB /* Debug */,
				A02697321D1E5005002D30AB /* Release */,
			);
			defaultConfigurationIsVisible = 0;
			defaultConfigurationName = Release;
		};
/* End XCConfigurationList section */
	};
	rootObject = A02697161D1E5005002D30AB /* Project object */;
}
